# This file is automatically @generated by Wally.
# It is not intended for manual editing.
registry = "test"

[[package]]
name = "steviegoodman/custodian"
version = "1.0.1"
dependencies = []

[[package]]
name = "steviegoodman/cutodian"
version = "1.0.1"
dependencies = [["custodian", "steviegoodman/custodian@1.0.1"]]
